{
  "pins" : [
    {
      "identity" : "faviconfinder",
      "kind" : "remoteSourceControl",
      "location" : "https://github.com/will-lumley/FaviconFinder.git",
      "state" : {
        "branch" : "main",
        "revision" : "e44554ce757117444469c412c561f4c0783f79be"
      }
    },
    {
      "identity" : "sgfeedparser",
      "kind" : "remoteSourceControl",
      "location" : "https://github.com/hastoro11/SGFeedParser.git",
      "state" : {
        "branch" : "master",
        "revision" : "1c78bf10eb3f4cf059a4f73f01b8bc314fd13aed"
      }
    },
    {
      "identity" : "swiftsoup",
      "kind" : "remoteSourceControl",
      "location" : "https://github.com/scinfu/SwiftSoup.git",
      "state" : {
        "revision" : "13ba661fd1146967270fca92ce8195b223631436",
        "version" : "2.3.8"
      }
    }
  ],
  "version" : 2
}
